PODS:
  - AFNetworking (3.1.0):
    - AFNetworking/NSURLSession (= 3.1.0)
    - AFNetworking/Reachability (= 3.1.0)
    - AFNetworking/Security (= 3.1.0)
    - AFNetworking/Serialization (= 3.1.0)
    - AFNetworking/UIKit (= 3.1.0)
  - AFNetworking/NSURLSession (3.1.0):
    - AFNetworking/Reachability
    - AFNetworking/Security
    - AFNetworking/Serialization
  - AFNetworking/Reachability (3.1.0)
  - AFNetworking/Security (3.1.0)
  - AFNetworking/Serialization (3.1.0)
  - AFNetworking/UIKit (3.1.0):
    - AFNetworking/NSURLSession
  - AVOSCloud (3.3.3)
  - DACircularProgress (2.3.1)
  - DKNightVersion (2.3.0):
    - DKNightVersion/Core (= 2.3.0)
    - DKNightVersion/CoreAnimation (= 2.3.0)
    - DKNightVersion/UIKit (= 2.3.0)
  - DKNightVersion/Core (2.3.0):
    - DKNightVersion/Core/DeallocBlockExecutor (= 2.3.0)
    - DKNightVersion/Core/extobjc (= 2.3.0)
  - DKNightVersion/Core/DeallocBlockExecutor (2.3.0)
  - DKNightVersion/Core/extobjc (2.3.0)
  - DKNightVersion/CoreAnimation (2.3.0):
    - DKNightVersion/Core
  - DKNightVersion/UIKit (2.3.0):
    - DKNightVersion/Core
  - FMDB (2.6.2):
    - FMDB/standard (= 2.6.2)
  - FMDB/standard (2.6.2)
  - Masonry (1.0.1)
  - MBProgressHUD (0.9.2)
  - MJExtension (3.0.10)
  - MJRefresh (3.1.6)
  - NJKWebViewProgress (0.2.3):
    - NJKWebViewProgress/Core (= 0.2.3)
    - NJKWebViewProgress/ProgressView (= 0.2.3)
  - NJKWebViewProgress/Core (0.2.3)
  - NJKWebViewProgress/ProgressView (0.2.3)
  - pop (1.0.9)
  - SDWebImage (3.8.1):
    - SDWebImage/Core (= 3.8.1)
  - SDWebImage/Core (3.8.1)
  - SVProgressHUD (2.0.3)

DEPENDENCIES:
  - AFNetworking (~> 3.1.0)
  - AVOSCloud (~> 3.3.3)
  - DACircularProgress (~> 2.3.1)
  - DKNightVersion (~> 2.3.0)
  - FMDB (~> 2.6.2)
  - Masonry (~> 1.0.1)
  - MBProgressHUD (~> 0.9.2)
  - MJExtension (~> 3.0.10)
  - MJRefresh (~> 3.1.6)
  - NJKWebViewProgress (~> 0.2.3)
  - pop (~> 1.0.9)
  - SDWebImage (~> 3.8.1)
  - SVProgressHUD (~> 2.0.3)

SPEC CHECKSUMS:
  AFNetworking: 5e0e199f73d8626b11e79750991f5d173d1f8b67
  AVOSCloud: dcd8a24c219971400146fe09638d218cfc8bb7f1
  DACircularProgress: 4dd437c0fc3da5161cb289e07ac449493d41db71
  DKNightVersion: 459438cbfd14edb9e41a777ff14b18e5661b9269
  FMDB: 854a0341b4726e53276f2a8996f06f1b80f9259a
  Masonry: a1a931a0d08870ed8ae415a2ea5ea68ebcac77df
  MBProgressHUD: 1569cf7ace17a8bac47aabfbb8580a49690386d1
  MJExtension: d86aacb740c87519d20e3cca55b6fa4be6cc7548
  MJRefresh: 5c69f11e8bde0664e15326d2e61f61e103c6545f
  NJKWebViewProgress: f481fd424cb5ecc27eacae11b5397db92fba9a4d
  pop: f667631a5108a2e60d9e8797c9b32ddaf2080bce
  SDWebImage: 35f9627a3e44b4f292a8a8ce6a531fa488239b91
  SVProgressHUD: b0830714205bea1317ea1a2ebc71e5633af334d4

PODFILE CHECKSUM: 9bfa535a8f9ca407841aff5e9d12c1cdb8f0c9c0

COCOAPODS: 1.0.1
